
Microsoft Visual Studio Solution File, Format Version 12.00
# Visual Studio Version 17
VisualStudioVersion = 17.5.002.0
MinimumVisualStudioVersion = 10.0.40219.1
Project("{9A19103F-16F7-4668-BE54-9A1E7A4F7556}") = "price_comparison", "price_comparison.csproj", "{60D45AD2-1EB6-42B4-987E-366A81803C1D}"
EndProject
Global
	GlobalSection(SolutionConfigurationPlatforms) = preSolution
		Debug|Any CPU = Debug|Any CPU
		Release|Any CPU = Release|Any CPU
	EndGlobalSection
	GlobalSection(ProjectConfigurationPlatforms) = postSolution
		{60D45AD2-1EB6-42B4-987E-366A81803C1D}.Debug|Any CPU.ActiveCfg = Debug|Any CPU
		{60D45AD2-1EB6-42B4-987E-366A81803C1D}.Debug|Any CPU.Build.0 = Debug|Any CPU
		{60D45AD2-1EB6-42B4-987E-366A81803C1D}.Release|Any CPU.ActiveCfg = Release|Any CPU
		{60D45AD2-1EB6-42B4-987E-366A81803C1D}.Release|Any CPU.Build.0 = Release|Any CPU
	EndGlobalSection
	GlobalSection(SolutionProperties) = preSolution
		HideSolutionNode = FALSE
	EndGlobalSection
	GlobalSection(ExtensibilityGlobals) = postSolution
		SolutionGuid = {76B8CA61-4DCC-403B-9CD4-95846AA0AB6D}
	EndGlobalSection
EndGlobal
